// !$*UTF8*$!
{
	archiveVersion = 1;
	classes = {
	};
	objectVersion = 55;
	objects = {

/* Begin PBXBuildFile section */
		C4AC90D12825EDAC0080B176 /* AppDelegate.swift in Sources */ = {isa = PBXBuildFile; fileRef = C4AC90D02825EDAC0080B176 /* AppDelegate.swift */; };
		C4AC90DB2825EDAC0080B176 /* MovieDB.xcdatamodeld in Sources */ = {isa = PBXBuildFile; fileRef = C4AC90D92825EDAC0080B176 /* MovieDB.xcdatamodeld */; };
		C4AC90DD2825EDAD0080B176 /* Assets.xcassets in Resources */ = {isa = PBXBuildFile; fileRef = C4AC90DC2825EDAD0080B176 /* Assets.xcassets */; };
		C4AC90E02825EDAD0080B176 /* LaunchScreen.storyboard in Resources */ = {isa = PBXBuildFile; fileRef = C4AC90DE2825EDAD0080B176 /* LaunchScreen.storyboard */; };
		C4AC91212826E7E90080B176 /* LoadingIndicatorViewController.swift in Sources */ = {isa = PBXBuildFile; fileRef = C4AC91202826E7E90080B176 /* LoadingIndicatorViewController.swift */; };
		C4AC91282826E8C80080B176 /* RadioCanada-Light.ttf in Resources */ = {isa = PBXBuildFile; fileRef = C4AC91232826E8C80080B176 /* RadioCanada-Light.ttf */; };
		C4AC91292826E8C80080B176 /* RadioCanada-Regular.ttf in Resources */ = {isa = PBXBuildFile; fileRef = C4AC91242826E8C80080B176 /* RadioCanada-Regular.ttf */; };
		C4AC912A2826E8C80080B176 /* RadioCanada-Bold.ttf in Resources */ = {isa = PBXBuildFile; fileRef = C4AC91252826E8C80080B176 /* RadioCanada-Bold.ttf */; };
		C4AC912B2826E8C80080B176 /* RadioCanada-Medium.ttf in Resources */ = {isa = PBXBuildFile; fileRef = C4AC91262826E8C80080B176 /* RadioCanada-Medium.ttf */; };
		C4AC912C2826E8C80080B176 /* RadioCanada-SemiBold.ttf in Resources */ = {isa = PBXBuildFile; fileRef = C4AC91272826E8C80080B176 /* RadioCanada-SemiBold.ttf */; };
		C4AC91322826E9490080B176 /* UIImageView+Extension.swift in Sources */ = {isa = PBXBuildFile; fileRef = C4AC912E2826E9490080B176 /* UIImageView+Extension.swift */; };
		C4AC91332826E9490080B176 /* UIFont+Extension.swift in Sources */ = {isa = PBXBuildFile; fileRef = C4AC912F2826E9490080B176 /* UIFont+Extension.swift */; };
		C4AC91342826E9490080B176 /* UINavigationController+Extension.swift in Sources */ = {isa = PBXBuildFile; fileRef = C4AC91302826E9490080B176 /* UINavigationController+Extension.swift */; };
		C4AC91352826E9490080B176 /* UITextField+Extension.swift in Sources */ = {isa = PBXBuildFile; fileRef = C4AC91312826E9490080B176 /* UITextField+Extension.swift */; };
		C4AC91382826EA820080B176 /* Constant.swift in Sources */ = {isa = PBXBuildFile; fileRef = C4AC91372826EA820080B176 /* Constant.swift */; };
		C4AC913B2826EAD30080B176 /* Localizable.strings in Resources */ = {isa = PBXBuildFile; fileRef = C4AC913A2826EAD30080B176 /* Localizable.strings */; };
		C4AC914828272BCD0080B176 /* MovieLoginViewController_Presenter+Extension.swift in Sources */ = {isa = PBXBuildFile; fileRef = C4AC913F28272BCD0080B176 /* MovieLoginViewController_Presenter+Extension.swift */; };
		C4AC914928272BCD0080B176 /* MovieLoginMain.swift in Sources */ = {isa = PBXBuildFile; fileRef = C4AC914028272BCD0080B176 /* MovieLoginMain.swift */; };
		C4AC914A28272BCD0080B176 /* MovieLoginRouter.swift in Sources */ = {isa = PBXBuildFile; fileRef = C4AC914128272BCD0080B176 /* MovieLoginRouter.swift */; };
		C4AC914B28272BCD0080B176 /* MovieLoginViewController.swift in Sources */ = {isa = PBXBuildFile; fileRef = C4AC914228272BCD0080B176 /* MovieLoginViewController.swift */; };
		C4AC914C28272BCD0080B176 /* MovieLoginProtocol.swift in Sources */ = {isa = PBXBuildFile; fileRef = C4AC914328272BCD0080B176 /* MovieLoginProtocol.swift */; };
		C4AC914D28272BCD0080B176 /* MovieLoginView.swift in Sources */ = {isa = PBXBuildFile; fileRef = C4AC914528272BCD0080B176 /* MovieLoginView.swift */; };
		C4AC914E28272BCD0080B176 /* MovieLoginInteractor.swift in Sources */ = {isa = PBXBuildFile; fileRef = C4AC914628272BCD0080B176 /* MovieLoginInteractor.swift */; };
		C4AC914F28272BCD0080B176 /* MovieLoginPresenter.swift in Sources */ = {isa = PBXBuildFile; fileRef = C4AC914728272BCD0080B176 /* MovieLoginPresenter.swift */; };
		C4AC9151282859530080B176 /* MovieLoginViewProtocol.swift in Sources */ = {isa = PBXBuildFile; fileRef = C4AC9150282859530080B176 /* MovieLoginViewProtocol.swift */; };
		C4AC9154282859950080B176 /* UserResponse.swift in Sources */ = {isa = PBXBuildFile; fileRef = C4AC9153282859950080B176 /* UserResponse.swift */; };
		C4AC91562828599D0080B176 /* UserRequest.swift in Sources */ = {isa = PBXBuildFile; fileRef = C4AC91552828599D0080B176 /* UserRequest.swift */; };
/* End PBXBuildFile section */

/* Begin PBXFileReference section */
		C4AC90CD2825EDAC0080B176 /* MovieDB.app */ = {isa = PBXFileReference; explicitFileType = wrapper.application; includeInIndex = 0; path = MovieDB.app; sourceTree = BUILT_PRODUCTS_DIR; };
		C4AC90D02825EDAC0080B176 /* AppDelegate.swift */ = {isa = PBXFileReference; lastKnownFileType = sourcecode.swift; path = AppDelegate.swift; sourceTree = "<group>"; };
		C4AC90DA2825EDAC0080B176 /* MovieDB.xcdatamodel */ = {isa = PBXFileReference; lastKnownFileType = wrapper.xcdatamodel; path = MovieDB.xcdatamodel; sourceTree = "<group>"; };
		C4AC90DC2825EDAD0080B176 /* Assets.xcassets */ = {isa = PBXFileReference; lastKnownFileType = folder.assetcatalog; path = Assets.xcassets; sourceTree = "<group>"; };
		C4AC90DF2825EDAD0080B176 /* Base */ = {isa = PBXFileReference; lastKnownFileType = file.storyboard; name = Base; path = Base.lproj/LaunchScreen.storyboard; sourceTree = "<group>"; };
		C4AC90E12825EDAD0080B176 /* Info.plist */ = {isa = PBXFileReference; lastKnownFileType = text.plist.xml; path = Info.plist; sourceTree = "<group>"; };
		C4AC91202826E7E90080B176 /* LoadingIndicatorViewController.swift */ = {isa = PBXFileReference; fileEncoding = 4; lastKnownFileType = sourcecode.swift; path = LoadingIndicatorViewController.swift; sourceTree = "<group>"; };
		C4AC91232826E8C80080B176 /* RadioCanada-Light.ttf */ = {isa = PBXFileReference; lastKnownFileType = file; path = "RadioCanada-Light.ttf"; sourceTree = "<group>"; };
		C4AC91242826E8C80080B176 /* RadioCanada-Regular.ttf */ = {isa = PBXFileReference; lastKnownFileType = file; path = "RadioCanada-Regular.ttf"; sourceTree = "<group>"; };
		C4AC91252826E8C80080B176 /* RadioCanada-Bold.ttf */ = {isa = PBXFileReference; lastKnownFileType = file; path = "RadioCanada-Bold.ttf"; sourceTree = "<group>"; };
		C4AC91262826E8C80080B176 /* RadioCanada-Medium.ttf */ = {isa = PBXFileReference; lastKnownFileType = file; path = "RadioCanada-Medium.ttf"; sourceTree = "<group>"; };
		C4AC91272826E8C80080B176 /* RadioCanada-SemiBold.ttf */ = {isa = PBXFileReference; lastKnownFileType = file; path = "RadioCanada-SemiBold.ttf"; sourceTree = "<group>"; };
		C4AC912E2826E9490080B176 /* UIImageView+Extension.swift */ = {isa = PBXFileReference; fileEncoding = 4; lastKnownFileType = sourcecode.swift; path = "UIImageView+Extension.swift"; sourceTree = "<group>"; };
		C4AC912F2826E9490080B176 /* UIFont+Extension.swift */ = {isa = PBXFileReference; fileEncoding = 4; lastKnownFileType = sourcecode.swift; path = "UIFont+Extension.swift"; sourceTree = "<group>"; };
		C4AC91302826E9490080B176 /* UINavigationController+Extension.swift */ = {isa = PBXFileReference; fileEncoding = 4; lastKnownFileType = sourcecode.swift; path = "UINavigationController+Extension.swift"; sourceTree = "<group>"; };
		C4AC91312826E9490080B176 /* UITextField+Extension.swift */ = {isa = PBXFileReference; fileEncoding = 4; lastKnownFileType = sourcecode.swift; path = "UITextField+Extension.swift"; sourceTree = "<group>"; };
		C4AC91372826EA820080B176 /* Constant.swift */ = {isa = PBXFileReference; fileEncoding = 4; lastKnownFileType = sourcecode.swift; path = Constant.swift; sourceTree = "<group>"; };
		C4AC913A2826EAD30080B176 /* Localizable.strings */ = {isa = PBXFileReference; fileEncoding = 4; lastKnownFileType = text.plist.strings; path = Localizable.strings; sourceTree = "<group>"; };
		C4AC913F28272BCD0080B176 /* MovieLoginViewController_Presenter+Extension.swift */ = {isa = PBXFileReference; fileEncoding = 4; lastKnownFileType = sourcecode.swift; path = "MovieLoginViewController_Presenter+Extension.swift"; sourceTree = "<group>"; };
		C4AC914028272BCD0080B176 /* MovieLoginMain.swift */ = {isa = PBXFileReference; fileEncoding = 4; lastKnownFileType = sourcecode.swift; path = MovieLoginMain.swift; sourceTree = "<group>"; };
		C4AC914128272BCD0080B176 /* MovieLoginRouter.swift */ = {isa = PBXFileReference; fileEncoding = 4; lastKnownFileType = sourcecode.swift; path = MovieLoginRouter.swift; sourceTree = "<group>"; };
		C4AC914228272BCD0080B176 /* MovieLoginViewController.swift */ = {isa = PBXFileReference; fileEncoding = 4; lastKnownFileType = sourcecode.swift; path = MovieLoginViewController.swift; sourceTree = "<group>"; };
		C4AC914328272BCD0080B176 /* MovieLoginProtocol.swift */ = {isa = PBXFileReference; fileEncoding = 4; lastKnownFileType = sourcecode.swift; path = MovieLoginProtocol.swift; sourceTree = "<group>"; };
		C4AC914528272BCD0080B176 /* MovieLoginView.swift */ = {isa = PBXFileReference; fileEncoding = 4; lastKnownFileType = sourcecode.swift; path = MovieLoginView.swift; sourceTree = "<group>"; };
		C4AC914628272BCD0080B176 /* MovieLoginInteractor.swift */ = {isa = PBXFileReference; fileEncoding = 4; lastKnownFileType = sourcecode.swift; path = MovieLoginInteractor.swift; sourceTree = "<group>"; };
		C4AC914728272BCD0080B176 /* MovieLoginPresenter.swift */ = {isa = PBXFileReference; fileEncoding = 4; lastKnownFileType = sourcecode.swift; path = MovieLoginPresenter.swift; sourceTree = "<group>"; };
		C4AC9150282859530080B176 /* MovieLoginViewProtocol.swift */ = {isa = PBXFileReference; lastKnownFileType = sourcecode.swift; path = MovieLoginViewProtocol.swift; sourceTree = "<group>"; };
		C4AC9153282859950080B176 /* UserResponse.swift */ = {isa = PBXFileReference; lastKnownFileType = sourcecode.swift; path = UserResponse.swift; sourceTree = "<group>"; };
		C4AC91552828599D0080B176 /* UserRequest.swift */ = {isa = PBXFileReference; lastKnownFileType = sourcecode.swift; path = UserRequest.swift; sourceTree = "<group>"; };
/* End PBXFileReference section */

/* Begin PBXFrameworksBuildPhase section */
		C4AC90CA2825EDAC0080B176 /* Frameworks */ = {
			isa = PBXFrameworksBuildPhase;
			buildActionMask = 2147483647;
			files = (
			);
			runOnlyForDeploymentPostprocessing = 0;
		};
/* End PBXFrameworksBuildPhase section */

/* Begin PBXGroup section */
		C4AC90C42825EDAC0080B176 = {
			isa = PBXGroup;
			children = (
				C4AC90CF2825EDAC0080B176 /* MovieDB */,
				C4AC90CE2825EDAC0080B176 /* Products */,
			);
			sourceTree = "<group>";
		};
		C4AC90CE2825EDAC0080B176 /* Products */ = {
			isa = PBXGroup;
			children = (
				C4AC90CD2825EDAC0080B176 /* MovieDB.app */,
			);
			name = Products;
			sourceTree = "<group>";
		};
		C4AC90CF2825EDAC0080B176 /* MovieDB */ = {
			isa = PBXGroup;
			children = (
				C4AC911C2826E7BD0080B176 /* Movie */,
				C4AC90D02825EDAC0080B176 /* AppDelegate.swift */,
				C4AC90DC2825EDAD0080B176 /* Assets.xcassets */,
				C4AC90DE2825EDAD0080B176 /* LaunchScreen.storyboard */,
				C4AC90E12825EDAD0080B176 /* Info.plist */,
				C4AC90D92825EDAC0080B176 /* MovieDB.xcdatamodeld */,
			);
			path = MovieDB;
			sourceTree = "<group>";
		};
		C4AC911C2826E7BD0080B176 /* Movie */ = {
			isa = PBXGroup;
			children = (
				C4AC913C28272BCD0080B176 /* MovieLogin */,
				C4AC911D2826E7BD0080B176 /* Common */,
			);
			path = Movie;
			sourceTree = "<group>";
		};
		C4AC911D2826E7BD0080B176 /* Common */ = {
			isa = PBXGroup;
			children = (
				C4AC91392826EAD30080B176 /* StringLiterals */,
				C4AC91362826EA820080B176 /* Constant */,
				C4AC912D2826E9490080B176 /* Extension */,
				C4AC91222826E8C80080B176 /* Font */,
				C4AC911E2826E7E90080B176 /* GenericComponent */,
			);
			path = Common;
			sourceTree = "<group>";
		};
		C4AC911E2826E7E90080B176 /* GenericComponent */ = {
			isa = PBXGroup;
			children = (
				C4AC911F2826E7E90080B176 /* LoadingIndicator */,
			);
			path = GenericComponent;
			sourceTree = "<group>";
		};
		C4AC911F2826E7E90080B176 /* LoadingIndicator */ = {
			isa = PBXGroup;
			children = (
				C4AC91202826E7E90080B176 /* LoadingIndicatorViewController.swift */,
			);
			path = LoadingIndicator;
			sourceTree = "<group>";
		};
		C4AC91222826E8C80080B176 /* Font */ = {
			isa = PBXGroup;
			children = (
				C4AC91232826E8C80080B176 /* RadioCanada-Light.ttf */,
				C4AC91242826E8C80080B176 /* RadioCanada-Regular.ttf */,
				C4AC91252826E8C80080B176 /* RadioCanada-Bold.ttf */,
				C4AC91262826E8C80080B176 /* RadioCanada-Medium.ttf */,
				C4AC91272826E8C80080B176 /* RadioCanada-SemiBold.ttf */,
			);
			path = Font;
			sourceTree = "<group>";
		};
		C4AC912D2826E9490080B176 /* Extension */ = {
			isa = PBXGroup;
			children = (
				C4AC912E2826E9490080B176 /* UIImageView+Extension.swift */,
				C4AC912F2826E9490080B176 /* UIFont+Extension.swift */,
				C4AC91302826E9490080B176 /* UINavigationController+Extension.swift */,
				C4AC91312826E9490080B176 /* UITextField+Extension.swift */,
			);
			path = Extension;
			sourceTree = "<group>";
		};
		C4AC91362826EA820080B176 /* Constant */ = {
			isa = PBXGroup;
			children = (
				C4AC91372826EA820080B176 /* Constant.swift */,
			);
			path = Constant;
			sourceTree = "<group>";
		};
		C4AC91392826EAD30080B176 /* StringLiterals */ = {
			isa = PBXGroup;
			children = (
				C4AC913A2826EAD30080B176 /* Localizable.strings */,
			);
			path = StringLiterals;
			sourceTree = "<group>";
		};
		C4AC913C28272BCD0080B176 /* MovieLogin */ = {
			isa = PBXGroup;
			children = (
				C4AC914028272BCD0080B176 /* MovieLoginMain.swift */,
				C4AC914228272BCD0080B176 /* MovieLoginViewController.swift */,
				C4AC914728272BCD0080B176 /* MovieLoginPresenter.swift */,
				C4AC914628272BCD0080B176 /* MovieLoginInteractor.swift */,
				C4AC914128272BCD0080B176 /* MovieLoginRouter.swift */,
				C4AC914328272BCD0080B176 /* MovieLoginProtocol.swift */,
				C4AC9152282859830080B176 /* Entity */,
				C4AC913D28272BCD0080B176 /* Extension */,
				C4AC914428272BCD0080B176 /* View */,
			);
			path = MovieLogin;
			sourceTree = "<group>";
		};
		C4AC913D28272BCD0080B176 /* Extension */ = {
			isa = PBXGroup;
			children = (
				C4AC913E28272BCD0080B176 /* MovieLoginViewController */,
			);
			path = Extension;
			sourceTree = "<group>";
		};
		C4AC913E28272BCD0080B176 /* MovieLoginViewController */ = {
			isa = PBXGroup;
			children = (
				C4AC913F28272BCD0080B176 /* MovieLoginViewController_Presenter+Extension.swift */,
			);
			path = MovieLoginViewController;
			sourceTree = "<group>";
		};
		C4AC914428272BCD0080B176 /* View */ = {
			isa = PBXGroup;
			children = (
				C4AC914528272BCD0080B176 /* MovieLoginView.swift */,
				C4AC9150282859530080B176 /* MovieLoginViewProtocol.swift */,
			);
			path = View;
			sourceTree = "<group>";
		};
		C4AC9152282859830080B176 /* Entity */ = {
			isa = PBXGroup;
			children = (
				C4AC9153282859950080B176 /* UserResponse.swift */,
				C4AC91552828599D0080B176 /* UserRequest.swift */,
			);
			path = Entity;
			sourceTree = "<group>";
		};
/* End PBXGroup section */

/* Begin PBXNativeTarget section */
		C4AC90CC2825EDAC0080B176 /* MovieDB */ = {
			isa = PBXNativeTarget;
			buildConfigurationList = C4AC90E42825EDAD0080B176 /* Build configuration list for PBXNativeTarget "MovieDB" */;
			buildPhases = (
				C4AC90C92825EDAC0080B176 /* Sources */,
				C4AC90CA2825EDAC0080B176 /* Frameworks */,
				C4AC90CB2825EDAC0080B176 /* Resources */,
			);
			buildRules = (
			);
			dependencies = (
			);
			name = MovieDB;
			productName = MovieDB;
			productReference = C4AC90CD2825EDAC0080B176 /* MovieDB.app */;
			productType = "com.apple.product-type.application";
		};
/* End PBXNativeTarget section */

/* Begin PBXProject section */
		C4AC90C52825EDAC0080B176 /* Project object */ = {
			isa = PBXProject;
			attributes = {
				BuildIndependentTargetsInParallel = 1;
				LastSwiftUpdateCheck = 1330;
				LastUpgradeCheck = 1330;
				TargetAttributes = {
					C4AC90CC2825EDAC0080B176 = {
						CreatedOnToolsVersion = 13.3.1;
					};
				};
			};
			buildConfigurationList = C4AC90C82825EDAC0080B176 /* Build configuration list for PBXProject "MovieDB" */;
			compatibilityVersion = "Xcode 13.0";
			developmentRegion = en;
			hasScannedForEncodings = 0;
			knownRegions = (
				en,
				Base,
			);
			mainGroup = C4AC90C42825EDAC0080B176;
			productRefGroup = C4AC90CE2825EDAC0080B176 /* Products */;
			projectDirPath = "";
			projectRoot = "";
			targets = (
				C4AC90CC2825EDAC0080B176 /* MovieDB */,
			);
		};
/* End PBXProject section */

/* Begin PBXResourcesBuildPhase section */
		C4AC90CB2825EDAC0080B176 /* Resources */ = {
			isa = PBXResourcesBuildPhase;
			buildActionMask = 2147483647;
			files = (
				C4AC90E02825EDAD0080B176 /* LaunchScreen.storyboard in Resources */,
				C4AC91292826E8C80080B176 /* RadioCanada-Regular.ttf in Resources */,
				C4AC912C2826E8C80080B176 /* RadioCanada-SemiBold.ttf in Resources */,
				C4AC91282826E8C80080B176 /* RadioCanada-Light.ttf in Resources */,
				C4AC912B2826E8C80080B176 /* RadioCanada-Medium.ttf in Resources */,
				C4AC913B2826EAD30080B176 /* Localizable.strings in Resources */,
				C4AC90DD2825EDAD0080B176 /* Assets.xcassets in Resources */,
				C4AC912A2826E8C80080B176 /* RadioCanada-Bold.ttf in Resources */,
			);
			runOnlyForDeploymentPostprocessing = 0;
		};
/* End PBXResourcesBuildPhase section */

/* Begin PBXSourcesBuildPhase section */
		C4AC90C92825EDAC0080B176 /* Sources */ = {
			isa = PBXSourcesBuildPhase;
			buildActionMask = 2147483647;
			files = (
				C4AC914C28272BCD0080B176 /* MovieLoginProtocol.swift in Sources */,
				C4AC914828272BCD0080B176 /* MovieLoginViewController_Presenter+Extension.swift in Sources */,
				C4AC90D12825EDAC0080B176 /* AppDelegate.swift in Sources */,
				C4AC914A28272BCD0080B176 /* MovieLoginRouter.swift in Sources */,
				C4AC91562828599D0080B176 /* UserRequest.swift in Sources */,
				C4AC91212826E7E90080B176 /* LoadingIndicatorViewController.swift in Sources */,
				C4AC914F28272BCD0080B176 /* MovieLoginPresenter.swift in Sources */,
				C4AC914D28272BCD0080B176 /* MovieLoginView.swift in Sources */,
				C4AC91352826E9490080B176 /* UITextField+Extension.swift in Sources */,
				C4AC914B28272BCD0080B176 /* MovieLoginViewController.swift in Sources */,
				C4AC91382826EA820080B176 /* Constant.swift in Sources */,
				C4AC914928272BCD0080B176 /* MovieLoginMain.swift in Sources */,
				C4AC91322826E9490080B176 /* UIImageView+Extension.swift in Sources */,
				C4AC9151282859530080B176 /* MovieLoginViewProtocol.swift in Sources */,
				C4AC91332826E9490080B176 /* UIFont+Extension.swift in Sources */,
				C4AC90DB2825EDAC0080B176 /* MovieDB.xcdatamodeld in Sources */,
				C4AC91342826E9490080B176 /* UINavigationController+Extension.swift in Sources */,
				C4AC914E28272BCD0080B176 /* MovieLoginInteractor.swift in Sources */,
				C4AC9154282859950080B176 /* UserResponse.swift in Sources */,
			);
			runOnlyForDeploymentPostprocessing = 0;
		};
/* End PBXSourcesBuildPhase section */

/* Begin PBXVariantGroup section */
		C4AC90DE2825EDAD0080B176 /* LaunchScreen.storyboard */ = {
			isa = PBXVariantGroup;
			children = (
				C4AC90DF2825EDAD0080B176 /* Base */,
			);
			name = LaunchScreen.storyboard;
			sourceTree = "<group>";
		};
/* End PBXVariantGroup section */

/* Begin XCBuildConfiguration section */
		C4AC90E22825EDAD0080B176 /* Debug */ = {
			isa = XCBuildConfiguration;
			buildSettings = {
				ALWAYS_SEARCH_USER_PATHS = NO;
				CLANG_ANALYZER_NONNULL = YES;
				CLANG_ANALYZER_NUMBER_OBJECT_CONVERSION = YES_AGGRESSIVE;
				CLANG_CXX_LANGUAGE_STANDARD = "gnu++17";
				CLANG_ENABLE_MODULES = YES;
				CLANG_ENABLE_OBJC_ARC = YES;
				CLANG_ENABLE_OBJC_WEAK = YES;
				CLANG_WARN_BLOCK_CAPTURE_AUTORELEASING = YES;
				CLANG_WARN_BOOL_CONVERSION = YES;
				CLANG_WARN_COMMA = YES;
				CLANG_WARN_CONSTANT_CONVERSION = YES;
				CLANG_WARN_DEPRECATED_OBJC_IMPLEMENTATIONS = YES;
				CLANG_WARN_DIRECT_OBJC_ISA_USAGE = YES_ERROR;
				CLANG_WARN_DOCUMENTATION_COMMENTS = YES;
				CLANG_WARN_EMPTY_BODY = YES;
				CLANG_WARN_ENUM_CONVERSION = YES;
				CLANG_WARN_INFINITE_RECURSION = YES;
				CLANG_WARN_INT_CONVERSION = YES;
				CLANG_WARN_NON_LITERAL_NULL_CONVERSION = YES;
				CLANG_WARN_OBJC_IMPLICIT_RETAIN_SELF = YES;
				CLANG_WARN_OBJC_LITERAL_CONVERSION = YES;
				CLANG_WARN_OBJC_ROOT_CLASS = YES_ERROR;
				CLANG_WARN_QUOTED_INCLUDE_IN_FRAMEWORK_HEADER = YES;
				CLANG_WARN_RANGE_LOOP_ANALYSIS = YES;
				CLANG_WARN_STRICT_PROTOTYPES = YES;
				CLANG_WARN_SUSPICIOUS_MOVE = YES;
				CLANG_WARN_UNGUARDED_AVAILABILITY = YES_AGGRESSIVE;
				CLANG_WARN_UNREACHABLE_CODE = YES;
				CLANG_WARN__DUPLICATE_METHOD_MATCH = YES;
				COPY_PHASE_STRIP = NO;
				DEBUG_INFORMATION_FORMAT = dwarf;
				ENABLE_STRICT_OBJC_MSGSEND = YES;
				ENABLE_TESTABILITY = YES;
				GCC_C_LANGUAGE_STANDARD = gnu11;
				GCC_DYNAMIC_NO_PIC = NO;
				GCC_NO_COMMON_BLOCKS = YES;
				GCC_OPTIMIZATION_LEVEL = 0;
				GCC_PREPROCESSOR_DEFINITIONS = (
					"DEBUG=1",
					"$(inherited)",
				);
				GCC_WARN_64_TO_32_BIT_CONVERSION = YES;
				GCC_WARN_ABOUT_RETURN_TYPE = YES_ERROR;
				GCC_WARN_UNDECLARED_SELECTOR = YES;
				GCC_WARN_UNINITIALIZED_AUTOS = YES_AGGRESSIVE;
				GCC_WARN_UNUSED_FUNCTION = YES;
				GCC_WARN_UNUSED_VARIABLE = YES;
				IPHONEOS_DEPLOYMENT_TARGET = 11.0;
				MTL_ENABLE_DEBUG_INFO = INCLUDE_SOURCE;
				MTL_FAST_MATH = YES;
				ONLY_ACTIVE_ARCH = YES;
				SDKROOT = iphoneos;
				SWIFT_ACTIVE_COMPILATION_CONDITIONS = DEBUG;
				SWIFT_OPTIMIZATION_LEVEL = "-Onone";
			};
			name = Debug;
		};
		C4AC90E32825EDAD0080B176 /* Release */ = {
			isa = XCBuildConfiguration;
			buildSettings = {
				ALWAYS_SEARCH_USER_PATHS = NO;
				CLANG_ANALYZER_NONNULL = YES;
				CLANG_ANALYZER_NUMBER_OBJECT_CONVERSION = YES_AGGRESSIVE;
				CLANG_CXX_LANGUAGE_STANDARD = "gnu++17";
				CLANG_ENABLE_MODULES = YES;
				CLANG_ENABLE_OBJC_ARC = YES;
				CLANG_ENABLE_OBJC_WEAK = YES;
				CLANG_WARN_BLOCK_CAPTURE_AUTORELEASING = YES;
				CLANG_WARN_BOOL_CONVERSION = YES;
				CLANG_WARN_COMMA = YES;
				CLANG_WARN_CONSTANT_CONVERSION = YES;
				CLANG_WARN_DEPRECATED_OBJC_IMPLEMENTATIONS = YES;
				CLANG_WARN_DIRECT_OBJC_ISA_USAGE = YES_ERROR;
				CLANG_WARN_DOCUMENTATION_COMMENTS = YES;
				CLANG_WARN_EMPTY_BODY = YES;
				CLANG_WARN_ENUM_CONVERSION = YES;
				CLANG_WARN_INFINITE_RECURSION = YES;
				CLANG_WARN_INT_CONVERSION = YES;
				CLANG_WARN_NON_LITERAL_NULL_CONVERSION = YES;
				CLANG_WARN_OBJC_IMPLICIT_RETAIN_SELF = YES;
				CLANG_WARN_OBJC_LITERAL_CONVERSION = YES;
				CLANG_WARN_OBJC_ROOT_CLASS = YES_ERROR;
				CLANG_WARN_QUOTED_INCLUDE_IN_FRAMEWORK_HEADER = YES;
				CLANG_WARN_RANGE_LOOP_ANALYSIS = YES;
				CLANG_WARN_STRICT_PROTOTYPES = YES;
				CLANG_WARN_SUSPICIOUS_MOVE = YES;
				CLANG_WARN_UNGUARDED_AVAILABILITY = YES_AGGRESSIVE;
				CLANG_WARN_UNREACHABLE_CODE = YES;
				CLANG_WARN__DUPLICATE_METHOD_MATCH = YES;
				COPY_PHASE_STRIP = NO;
				DEBUG_INFORMATION_FORMAT = "dwarf-with-dsym";
				ENABLE_NS_ASSERTIONS = NO;
				ENABLE_STRICT_OBJC_MSGSEND = YES;
				GCC_C_LANGUAGE_STANDARD = gnu11;
				GCC_NO_COMMON_BLOCKS = YES;
				GCC_WARN_64_TO_32_BIT_CONVERSION = YES;
				GCC_WARN_ABOUT_RETURN_TYPE = YES_ERROR;
				GCC_WARN_UNDECLARED_SELECTOR = YES;
				GCC_WARN_UNINITIALIZED_AUTOS = YES_AGGRESSIVE;
				GCC_WARN_UNUSED_FUNCTION = YES;
				GCC_WARN_UNUSED_VARIABLE = YES;
				IPHONEOS_DEPLOYMENT_TARGET = 11.0;
				MTL_ENABLE_DEBUG_INFO = NO;
				MTL_FAST_MATH = YES;
				SDKROOT = iphoneos;
				SWIFT_COMPILATION_MODE = wholemodule;
				SWIFT_OPTIMIZATION_LEVEL = "-O";
				VALIDATE_PRODUCT = YES;
			};
			name = Release;
		};
		C4AC90E52825EDAD0080B176 /* Debug */ = {
			isa = XCBuildConfiguration;
			buildSettings = {
				ASSETCATALOG_COMPILER_APPICON_NAME = AppIcon;
				ASSETCATALOG_COMPILER_GLOBAL_ACCENT_COLOR_NAME = AccentColor;
				CODE_SIGN_STYLE = Automatic;
				CURRENT_PROJECT_VERSION = 1;
				DEVELOPMENT_TEAM = 3NQ6X48LC9;
				GENERATE_INFOPLIST_FILE = YES;
				INFOPLIST_FILE = MovieDB/Info.plist;
				INFOPLIST_KEY_CFBundleDisplayName = MovieDB;
				INFOPLIST_KEY_UIApplicationSupportsIndirectInputEvents = YES;
				INFOPLIST_KEY_UILaunchStoryboardName = LaunchScreen;
				INFOPLIST_KEY_UISupportedInterfaceOrientations_iPad = "UIInterfaceOrientationPortrait UIInterfaceOrientationPortraitUpsideDown UIInterfaceOrientationLandscapeLeft UIInterfaceOrientationLandscapeRight";
				INFOPLIST_KEY_UISupportedInterfaceOrientations_iPhone = "UIInterfaceOrientationPortrait UIInterfaceOrientationLandscapeLeft UIInterfaceOrientationLandscapeRight";
				LD_RUNPATH_SEARCH_PATHS = (
					"$(inherited)",
					"@executable_path/Frameworks",
				);
				MARKETING_VERSION = 1.0;
				PRODUCT_BUNDLE_IDENTIFIER = com.mx.mdb.MovieDB;
				PRODUCT_NAME = "$(TARGET_NAME)";
				SWIFT_EMIT_LOC_STRINGS = YES;
				SWIFT_VERSION = 5.0;
				TARGETED_DEVICE_FAMILY = 1;
			};
			name = Debug;
		};
		C4AC90E62825EDAD0080B176 /* Release */ = {
			isa = XCBuildConfiguration;
			buildSettings = {
				ASSETCATALOG_COMPILER_APPICON_NAME = AppIcon;
				ASSETCATALOG_COMPILER_GLOBAL_ACCENT_COLOR_NAME = AccentColor;
				CODE_SIGN_STYLE = Automatic;
				CURRENT_PROJECT_VERSION = 1;
				DEVELOPMENT_TEAM = 3NQ6X48LC9;
				GENERATE_INFOPLIST_FILE = YES;
				INFOPLIST_FILE = MovieDB/Info.plist;
				INFOPLIST_KEY_CFBundleDisplayName = MovieDB;
				INFOPLIST_KEY_UIApplicationSupportsIndirectInputEvents = YES;
				INFOPLIST_KEY_UILaunchStoryboardName = LaunchScreen;
				INFOPLIST_KEY_UISupportedInterfaceOrientations_iPad = "UIInterfaceOrientationPortrait UIInterfaceOrientationPortraitUpsideDown UIInterfaceOrientationLandscapeLeft UIInterfaceOrientationLandscapeRight";
				INFOPLIST_KEY_UISupportedInterfaceOrientations_iPhone = "UIInterfaceOrientationPortrait UIInterfaceOrientationLandscapeLeft UIInterfaceOrientationLandscapeRight";
				LD_RUNPATH_SEARCH_PATHS = (
					"$(inherited)",
					"@executable_path/Frameworks",
				);
				MARKETING_VERSION = 1.0;
				PRODUCT_BUNDLE_IDENTIFIER = com.mx.mdb.MovieDB;
				PRODUCT_NAME = "$(TARGET_NAME)";
				SWIFT_EMIT_LOC_STRINGS = YES;
				SWIFT_VERSION = 5.0;
				TARGETED_DEVICE_FAMILY = 1;
			};
			name = Release;
		};
/* End XCBuildConfiguration section */

/* Begin XCConfigurationList section */
		C4AC90C82825EDAC0080B176 /* Build configuration list for PBXProject "MovieDB" */ = {
			isa = XCConfigurationList;
			buildConfigurations = (
				C4AC90E22825EDAD0080B176 /* Debug */,
				C4AC90E32825EDAD0080B176 /* Release */,
			);
			defaultConfigurationIsVisible = 0;
			defaultConfigurationName = Release;
		};
		C4AC90E42825EDAD0080B176 /* Build configuration list for PBXNativeTarget "MovieDB" */ = {
			isa = XCConfigurationList;
			buildConfigurations = (
				C4AC90E52825EDAD0080B176 /* Debug */,
				C4AC90E62825EDAD0080B176 /* Release */,
			);
			defaultConfigurationIsVisible = 0;
			defaultConfigurationName = Release;
		};
/* End XCConfigurationList section */

/* Begin XCVersionGroup section */
		C4AC90D92825EDAC0080B176 /* MovieDB.xcdatamodeld */ = {
			isa = XCVersionGroup;
			children = (
				C4AC90DA2825EDAC0080B176 /* MovieDB.xcdatamodel */,
			);
			currentVersion = C4AC90DA2825EDAC0080B176 /* MovieDB.xcdatamodel */;
			path = MovieDB.xcdatamodeld;
			sourceTree = "<group>";
			versionGroupType = wrapper.xcdatamodel;
		};
/* End XCVersionGroup section */
	};
	rootObject = C4AC90C52825EDAC0080B176 /* Project object */;
}
